<?xml version="1.0" encoding="utf-8"?>
<Project ToolsVersion="4.0" xmlns="http://schemas.microsoft.com/developer/msbuild/2003">
  <ItemGroup>
    <Filter Include="소스 파일">
      <UniqueIdentifier>{4FC737F1-C7A5-4376-A066-2A32D752A2FF}</UniqueIdentifier>
      <Extensions>cpp;c;cc;cxx;c++;cppm;ixx;def;odl;idl;hpj;bat;asm;asmx</Extensions>
    </Filter>
    <Filter Include="헤더 파일">
      <UniqueIdentifier>{93995380-89BD-4b04-88EB-625FBE52EBFB}</UniqueIdentifier>
      <Extensions>h;hh;hpp;hxx;h++;hm;inl;inc;ipp;xsd</Extensions>
    </Filter>
    <Filter Include="리소스 파일">
      <UniqueIdentifier>{67DA6AB6-F800-4c08-8B7A-83BB121AAD01}</UniqueIdentifier>
      <Extensions>rc;ico;cur;bmp;dlg;rc2;rct;bin;rgs;gif;jpg;jpeg;jpe;resx;tiff;tif;png;wav;mfcribbon-ms</Extensions>
    </Filter>
    <Filter Include="00. MainApp">
      <UniqueIdentifier>{21f60bca-e0f3-45e8-a17c-6be69ba5f684}</UniqueIdentifier>
    </Filter>
    <Filter Include="01. Scene">
      <UniqueIdentifier>{60ad0de0-adf1-440e-987a-796e2ff8332f}</UniqueIdentifier>
    </Filter>
    <Filter Include="01. Scene\00. Logo">
      <UniqueIdentifier>{0d271025-e384-4299-bf6d-972bbc338575}</UniqueIdentifier>
    </Filter>
    <Filter Include="02. GameObject">
      <UniqueIdentifier>{51b52b49-f21d-4d34-bf24-26f7774a4f3b}</UniqueIdentifier>
    </Filter>
    <Filter Include="02. GameObject\00. BackGround">
      <UniqueIdentifier>{07693c01-70a4-4d6a-9bd8-fe0002596e8d}</UniqueIdentifier>
    </Filter>
    <Filter Include="02. GameObject\01. Player">
      <UniqueIdentifier>{ae4c5383-56a8-4b14-85a9-74fedfb3ccfe}</UniqueIdentifier>
    </Filter>
    <Filter Include="01. Scene\01. Stage">
      <UniqueIdentifier>{f40be6c5-f78e-4629-9f22-c05f63c86d1a}</UniqueIdentifier>
    </Filter>
    <Filter Include="02. GameObject\03. Terrain">
      <UniqueIdentifier>{8d635b76-59e8-4b1b-94c9-608c92cd7cb1}</UniqueIdentifier>
    </Filter>
    <Filter Include="02. GameObject\05. SkyBox">
      <UniqueIdentifier>{71bfc506-8050-40b0-98aa-429602465e7d}</UniqueIdentifier>
    </Filter>
    <Filter Include="01. Scene\99. Loading">
      <UniqueIdentifier>{162da509-93eb-497c-bb4b-016c0b3d5fae}</UniqueIdentifier>
    </Filter>
    <Filter Include="01. Scene\03. Test">
      <UniqueIdentifier>{7bf09d6b-5222-4361-bb6b-3e27ea739fa2}</UniqueIdentifier>
    </Filter>
    <Filter Include="02. GameObject\06. TerrainWall">
      <UniqueIdentifier>{52de0396-bdc9-4e24-8949-59503af9d2c0}</UniqueIdentifier>
    </Filter>
    <Filter Include="02. GameObject\08. TestEffect">
      <UniqueIdentifier>{37f31870-dba2-4668-ad76-b1d69d78c68f}</UniqueIdentifier>
    </Filter>
    <Filter Include="02. GameObject\99. TestObject">
      <UniqueIdentifier>{5e8c73c1-37da-4a24-b395-d8e294c4be3f}</UniqueIdentifier>
    </Filter>
    <Filter Include="01. Scene\04. EditScene">
      <UniqueIdentifier>{ff5bb01d-db75-499d-ae0b-be1f8fb58ee7}</UniqueIdentifier>
    </Filter>
    <Filter Include="01. Scene\99. Loading\LoadingThread">
      <UniqueIdentifier>{bec13d5c-cc47-4d5b-a2eb-0fb3bafdcfdd}</UniqueIdentifier>
    </Filter>
    <Filter Include="09. CPersistentMgr">
      <UniqueIdentifier>{153d294d-a813-4bb7-9dee-2e2680526024}</UniqueIdentifier>
    </Filter>
    <Filter Include="02. GameObject\07. UI">
      <UniqueIdentifier>{0320c609-d491-42cf-96f0-e94adb951d41}</UniqueIdentifier>
    </Filter>
    <Filter Include="02. GameObject\07. UI\00. LoadingUI">
      <UniqueIdentifier>{b8ae79d9-84c6-485b-8fa1-5ca2361e4338}</UniqueIdentifier>
    </Filter>
    <Filter Include="02. GameObject\07. UI\00. LoadingUI\04. LoadingCircle">
      <UniqueIdentifier>{9506c82b-1421-464c-8228-53ab398c8982}</UniqueIdentifier>
    </Filter>
    <Filter Include="02. GameObject\07. UI\00. LoadingUI\03. LoadingLogo">
      <UniqueIdentifier>{afe12694-f308-4f3b-9d71-5360441de4ae}</UniqueIdentifier>
    </Filter>
    <Filter Include="02. GameObject\07. UI\00. LoadingUI\02. LoadingFG">
      <UniqueIdentifier>{9689bbf7-b8dc-485d-be1d-1acab77d1648}</UniqueIdentifier>
    </Filter>
    <Filter Include="02. GameObject\07. UI\00. LoadingUI\01. LoadingCenter">
      <UniqueIdentifier>{23ec9675-0f43-486e-92bb-df0d8c3fc775}</UniqueIdentifier>
    </Filter>
    <Filter Include="02. GameObject\07. UI\00. LoadingUI\00. LoadingBack">
      <UniqueIdentifier>{ae049520-ab2e-4676-bf1c-57c1cb41b6f4}</UniqueIdentifier>
    </Filter>
    <Filter Include="02. GameObject\07. UI\01. TitleUI">
      <UniqueIdentifier>{fc414d98-3728-4c2b-bfd0-aa6254c074e5}</UniqueIdentifier>
    </Filter>
    <Filter Include="02. GameObject\07. UI\01. TitleUI\00. TitleBack">
      <UniqueIdentifier>{e5978b17-8776-40d2-9c8c-804973b11aed}</UniqueIdentifier>
    </Filter>
    <Filter Include="02. GameObject\07. UI\01. TitleUI\01. TitleCenter">
      <UniqueIdentifier>{51e4fa44-a242-44f9-b6b2-e62ea6a61be6}</UniqueIdentifier>
    </Filter>
    <Filter Include="02. GameObject\07. UI\01. TitleUI\02. TitleLogo">
      <UniqueIdentifier>{f3297bde-6a24-42a0-a777-4049f60b9657}</UniqueIdentifier>
    </Filter>
    <Filter Include="02. GameObject\02. Monster">
      <UniqueIdentifier>{38405f32-dfc2-465f-b792-d975bcf71c8f}</UniqueIdentifier>
    </Filter>
    <Filter Include="02. GameObject\02. Monster\Normal1">
      <UniqueIdentifier>{a8173e77-340e-468f-9aa7-00e8cd1ad765}</UniqueIdentifier>
    </Filter>
    <Filter Include="02. GameObject\07. UI\01. TitleUI\03. TitleTab">
      <UniqueIdentifier>{75b337c8-aa30-4290-b563-aae3a9aa3104}</UniqueIdentifier>
    </Filter>
    <Filter Include="02. GameObject\07. UI\02. DungeonUI">
      <UniqueIdentifier>{11dcb0cf-3b50-42e4-90b1-bf3b6bd70d12}</UniqueIdentifier>
    </Filter>
    <Filter Include="02. GameObject\07. UI\02. DungeonUI\00. CDungeonBack">
      <UniqueIdentifier>{aa425ee9-42d6-4763-acea-a480d488b6b2}</UniqueIdentifier>
    </Filter>
    <Filter Include="02. GameObject\07. UI\02. DungeonUI\01. CDungeonIcon">
      <UniqueIdentifier>{b11eb489-f0f9-4354-a5e5-9d489d9845de}</UniqueIdentifier>
    </Filter>
    <Filter Include="02. GameObject\07. UI\02. DungeonUI\02. CDungeonLine">
      <UniqueIdentifier>{552d0d28-eb92-4a43-b910-1de82ce2300c}</UniqueIdentifier>
    </Filter>
    <Filter Include="02. GameObject\07. UI\03. PlayerUI">
      <UniqueIdentifier>{42822674-7f0e-422b-9af0-ec007c6f798a}</UniqueIdentifier>
    </Filter>
    <Filter Include="02. GameObject\07. UI\03. PlayerUI\00. PlayerHP">
      <UniqueIdentifier>{0725e0bd-c9d2-46c7-8aaf-d8ffc0b97dd6}</UniqueIdentifier>
    </Filter>
    <Filter Include="02. GameObject\04. Camera">
      <UniqueIdentifier>{238f4029-df65-4760-af60-aac3d4766c58}</UniqueIdentifier>
    </Filter>
    <Filter Include="02. GameObject\04. Camera\01. DynamicCamera">
      <UniqueIdentifier>{90a409f8-1b96-4329-9023-b52d183d047c}</UniqueIdentifier>
    </Filter>
    <Filter Include="02. GameObject\04. Camera\00. MainCamera">
      <UniqueIdentifier>{034c96cf-6932-41a4-9e6e-cbbb742ea410}</UniqueIdentifier>
    </Filter>
    <Filter Include="01. Scene\05. KnuckleBone">
      <UniqueIdentifier>{fbdfd1c6-2a58-45e4-970b-5fac37bacfcb}</UniqueIdentifier>
    </Filter>
    <Filter Include="02. GameObject\07. UI\03. KBUI">
      <UniqueIdentifier>{41fa98cd-1415-4315-904c-4273008d3aab}</UniqueIdentifier>
    </Filter>
    <Filter Include="02. GameObject\07. UI\03. KBUI\00. TTutorial">
      <UniqueIdentifier>{9d64cac5-b54a-4657-bd1d-c039bc1b870c}</UniqueIdentifier>
    </Filter>
    <Filter Include="02. GameObject\07. UI\03. KBUI\00. TTutorial\04. Divider">
      <UniqueIdentifier>{2712e418-d62f-4210-b14d-d87d009f78c8}</UniqueIdentifier>
    </Filter>
    <Filter Include="02. GameObject\07. UI\03. KBUI\00. TTutorial\03. KBTab">
      <UniqueIdentifier>{c6f0bb55-24bf-4d79-8de3-9005fb22da19}</UniqueIdentifier>
    </Filter>
    <Filter Include="02. GameObject\07. UI\03. KBUI\00. TTutorial\02. KBCenter">
      <UniqueIdentifier>{dcbd4b36-95fd-4b35-a3e3-1a71de4cbdd6}</UniqueIdentifier>
    </Filter>
    <Filter Include="02. GameObject\07. UI\03. KBUI\00. TTutorial\01. KBTutorial">
      <UniqueIdentifier>{271f78e8-fe0b-44e2-b16b-b8f98cddafb9}</UniqueIdentifier>
    </Filter>
    <Filter Include="02. GameObject\07. UI\03. KBUI\00. TTutorial\00. KBBack">
      <UniqueIdentifier>{361ac797-f26e-4d74-843b-11dc7fd5c6c5}</UniqueIdentifier>
    </Filter>
    <Filter Include="02. GameObject\07. UI\03. KBUI\99. Test">
      <UniqueIdentifier>{c05846a8-0aa5-450d-bd73-73898a6a4ab8}</UniqueIdentifier>
    </Filter>
    <Filter Include="02. GameObject\07. UI\03. KBUI\01. Title">
      <UniqueIdentifier>{57dcc651-c292-431c-8109-8e0dcbaf4cf7}</UniqueIdentifier>
    </Filter>
    <Filter Include="02. GameObject\07. UI\03. KBUI\01. Title\00. KBSix">
      <UniqueIdentifier>{240585be-6895-460e-aa92-90c1e3b29e91}</UniqueIdentifier>
    </Filter>
  </ItemGroup>
  <ItemGroup>
    <ClInclude Include="framework.h">
      <Filter>헤더 파일</Filter>
    </ClInclude>
    <ClInclude Include="targetver.h">
      <Filter>헤더 파일</Filter>
    </ClInclude>
    <ClInclude Include="Resource.h">
      <Filter>헤더 파일</Filter>
    </ClInclude>
    <ClInclude Include="Client.h">
      <Filter>헤더 파일</Filter>
    </ClInclude>
    <ClInclude Include="pch.h">
      <Filter>헤더 파일</Filter>
    </ClInclude>
    <ClInclude Include="..\Header\CMainApp.h">
      <Filter>00. MainApp</Filter>
    </ClInclude>
    <ClInclude Include="..\Header\CLogo.h">
      <Filter>01. Scene\00. Logo</Filter>
    </ClInclude>
    <ClInclude Include="..\Header\CBackGround.h">
      <Filter>02. GameObject\00. BackGround</Filter>
    </ClInclude>
    <ClInclude Include="..\Header\CPlayer.h">
      <Filter>02. GameObject\01. Player</Filter>
    </ClInclude>
    <ClInclude Include="..\Header\CMonster.h">
      <Filter>02. GameObject\02. Monster</Filter>
    </ClInclude>
    <ClInclude Include="..\Header\CStage.h">
      <Filter>01. Scene\01. Stage</Filter>
    </ClInclude>
    <ClInclude Include="..\Header\CTerrain.h">
      <Filter>02. GameObject\03. Terrain</Filter>
    </ClInclude>
    <ClInclude Include="..\Header\CDynamicCamera.h">
      <Filter>02. GameObject\04. Camera\01. DynamicCamera</Filter>
    </ClInclude>
    <ClInclude Include="..\Header\CSkyBox.h">
      <Filter>02. GameObject\05. SkyBox</Filter>
    </ClInclude>
    <ClInclude Include="..\Header\CTest.h">
      <Filter>01. Scene\03. Test</Filter>
    </ClInclude>
    <ClInclude Include="..\Header\CTerrainWall.h">
      <Filter>02. GameObject\06. TerrainWall</Filter>
    </ClInclude>
    <ClInclude Include="..\Header\CTestEffect.h">
      <Filter>02. GameObject\08. TestEffect</Filter>
    </ClInclude>
    <ClInclude Include="..\Header\TestCube.h">
      <Filter>02. GameObject\99. TestObject</Filter>
    </ClInclude>
    <ClInclude Include="..\Header\CEditScene.h">
      <Filter>01. Scene\04. EditScene</Filter>
    </ClInclude>
    <ClInclude Include="..\Header\CLoadingThread.h">
      <Filter>01. Scene\99. Loading\LoadingThread</Filter>
    </ClInclude>
    <ClInclude Include="..\Header\CLoading.h">
      <Filter>01. Scene\99. Loading</Filter>
    </ClInclude>
    <ClInclude Include="..\Header\CPersistentMgr.h">
      <Filter>09. CPersistentMgr</Filter>
    </ClInclude>
    <ClInclude Include="..\Header\CLoadingBack.h">
      <Filter>02. GameObject\07. UI\00. LoadingUI\00. LoadingBack</Filter>
    </ClInclude>
    <ClInclude Include="..\Header\CLoadingCenter.h">
      <Filter>02. GameObject\07. UI\00. LoadingUI\01. LoadingCenter</Filter>
    </ClInclude>
    <ClInclude Include="..\Header\CLoadingFG.h">
      <Filter>02. GameObject\07. UI\00. LoadingUI\02. LoadingFG</Filter>
    </ClInclude>
    <ClInclude Include="..\Header\CLoadingLogo.h">
      <Filter>02. GameObject\07. UI\00. LoadingUI\03. LoadingLogo</Filter>
    </ClInclude>
    <ClInclude Include="..\Header\CLoadingCircle.h">
      <Filter>02. GameObject\07. UI\00. LoadingUI\04. LoadingCircle</Filter>
    </ClInclude>
    <ClInclude Include="..\Header\CTitleBack.h">
      <Filter>02. GameObject\07. UI\01. TitleUI\00. TitleBack</Filter>
    </ClInclude>
    <ClInclude Include="..\Header\CTitleCenter.h">
      <Filter>02. GameObject\07. UI\01. TitleUI\01. TitleCenter</Filter>
    </ClInclude>
    <ClInclude Include="..\Header\CTitleLogo.h">
      <Filter>02. GameObject\07. UI\01. TitleUI\02. TitleLogo</Filter>
    </ClInclude>
    <ClInclude Include="..\Header\CMonsterN1.h">
      <Filter>02. GameObject\02. Monster\Normal1</Filter>
    </ClInclude>
    <ClInclude Include="..\Header\CTitleTab.h">
      <Filter>02. GameObject\07. UI\01. TitleUI\03. TitleTab</Filter>
    </ClInclude>
    <ClInclude Include="..\Header\CDungeonBack.h">
      <Filter>02. GameObject\07. UI\02. DungeonUI\00. CDungeonBack</Filter>
    </ClInclude>
    <ClInclude Include="..\Header\CDungeonIcon.h">
      <Filter>02. GameObject\07. UI\02. DungeonUI\01. CDungeonIcon</Filter>
    </ClInclude>
    <ClInclude Include="..\Header\CDungeonLine.h">
      <Filter>02. GameObject\07. UI\02. DungeonUI\02. CDungeonLine</Filter>
    </ClInclude>
    <ClInclude Include="..\Header\CPlayerHP.h">
      <Filter>02. GameObject\07. UI\03. PlayerUI\00. PlayerHP</Filter>
    </ClInclude>
    <ClInclude Include="..\Header\CN1_AI.h">
      <Filter>02. GameObject\02. Monster\Normal1</Filter>
    </ClInclude>
    <ClInclude Include="..\Header\CMainCamera.h">
      <Filter>02. GameObject\04. Camera\00. MainCamera</Filter>
    </ClInclude>
    <ClInclude Include="..\Header\CKnuckleBone.h">
      <Filter>01. Scene\05. KnuckleBone</Filter>
    </ClInclude>
    <ClInclude Include="..\Header\CKBBack.h">
      <Filter>02. GameObject\07. UI\03. KBUI\00. TTutorial\00. KBBack</Filter>
    </ClInclude>
    <ClInclude Include="..\Header\CKBTutorial.h">
      <Filter>02. GameObject\07. UI\03. KBUI\00. TTutorial\01. KBTutorial</Filter>
    </ClInclude>
    <ClInclude Include="..\Header\CKBCenter.h">
      <Filter>02. GameObject\07. UI\03. KBUI\00. TTutorial\02. KBCenter</Filter>
    </ClInclude>
    <ClInclude Include="..\Header\CKBTab.h">
      <Filter>02. GameObject\07. UI\03. KBUI\00. TTutorial\03. KBTab</Filter>
    </ClInclude>
    <ClInclude Include="..\Header\CDivider.h">
      <Filter>02. GameObject\07. UI\03. KBUI\00. TTutorial\04. Divider</Filter>
    </ClInclude>
    <ClInclude Include="..\Header\CKBMask.h">
      <Filter>02. GameObject\07. UI\03. KBUI\99. Test</Filter>
    </ClInclude>
    <ClInclude Include="..\Header\CKBSix.h">
      <Filter>02. GameObject\07. UI\03. KBUI\01. Title\00. KBSix</Filter>
    </ClInclude>
  </ItemGroup>
  <ItemGroup>
    <ClCompile Include="Client.cpp">
      <Filter>소스 파일</Filter>
    </ClCompile>
    <ClCompile Include="pch.cpp">
      <Filter>소스 파일</Filter>
    </ClCompile>
    <ClCompile Include="..\Code\CMainApp.cpp">
      <Filter>00. MainApp</Filter>
    </ClCompile>
    <ClCompile Include="..\Code\CLogo.cpp">
      <Filter>01. Scene\00. Logo</Filter>
    </ClCompile>
    <ClCompile Include="..\Code\CBackGround.cpp">
      <Filter>02. GameObject\00. BackGround</Filter>
    </ClCompile>
    <ClCompile Include="..\Code\CPlayer.cpp">
      <Filter>02. GameObject\01. Player</Filter>
    </ClCompile>
    <ClCompile Include="..\Code\CMonster.cpp">
      <Filter>02. GameObject\02. Monster</Filter>
    </ClCompile>
    <ClCompile Include="..\Code\CStage.cpp">
      <Filter>01. Scene\01. Stage</Filter>
    </ClCompile>
    <ClCompile Include="..\Code\CTerrain.cpp">
      <Filter>02. GameObject\03. Terrain</Filter>
    </ClCompile>
    <ClCompile Include="..\Code\CDynamicCamera.cpp">
      <Filter>02. GameObject\04. Camera\01. DynamicCamera</Filter>
    </ClCompile>
    <ClCompile Include="..\Code\CSkyBox.cpp">
      <Filter>02. GameObject\05. SkyBox</Filter>
    </ClCompile>
    <ClCompile Include="..\Code\CTest.cpp">
      <Filter>01. Scene\03. Test</Filter>
    </ClCompile>
    <ClCompile Include="..\Code\CTerrainWall.cpp">
      <Filter>02. GameObject\06. TerrainWall</Filter>
    </ClCompile>
    <ClCompile Include="..\Code\CTestEffect.cpp">
      <Filter>02. GameObject\08. TestEffect</Filter>
    </ClCompile>
    <ClCompile Include="..\Code\TestCube.cpp">
      <Filter>02. GameObject\99. TestObject</Filter>
    </ClCompile>
    <ClCompile Include="..\Code\CEditScene.cpp">
      <Filter>01. Scene\04. EditScene</Filter>
    </ClCompile>
    <ClCompile Include="..\Code\CLoadingThread.cpp">
      <Filter>01. Scene\99. Loading\LoadingThread</Filter>
    </ClCompile>
    <ClCompile Include="..\Code\CLoading.cpp">
      <Filter>01. Scene\99. Loading</Filter>
    </ClCompile>
    <ClCompile Include="..\Code\CPersistentMgr.cpp">
      <Filter>09. CPersistentMgr</Filter>
    </ClCompile>
    <ClCompile Include="..\Code\CLoadingBack.cpp">
      <Filter>02. GameObject\07. UI\00. LoadingUI\00. LoadingBack</Filter>
    </ClCompile>
    <ClCompile Include="..\Code\CLoadingCenter.cpp">
      <Filter>02. GameObject\07. UI\00. LoadingUI\01. LoadingCenter</Filter>
    </ClCompile>
    <ClCompile Include="..\Code\CLoadingFG.cpp">
      <Filter>02. GameObject\07. UI\00. LoadingUI\02. LoadingFG</Filter>
    </ClCompile>
    <ClCompile Include="..\Code\CLoadingLogo.cpp">
      <Filter>02. GameObject\07. UI\00. LoadingUI\03. LoadingLogo</Filter>
    </ClCompile>
    <ClCompile Include="..\Code\CLoadingCircle.cpp">
      <Filter>02. GameObject\07. UI\00. LoadingUI\04. LoadingCircle</Filter>
    </ClCompile>
    <ClCompile Include="..\Code\CTitleBack.cpp">
      <Filter>02. GameObject\07. UI\01. TitleUI\00. TitleBack</Filter>
    </ClCompile>
    <ClCompile Include="..\Code\CTitleCenter.cpp">
      <Filter>02. GameObject\07. UI\01. TitleUI\01. TitleCenter</Filter>
    </ClCompile>
    <ClCompile Include="..\Code\CTitleLogo.cpp">
      <Filter>02. GameObject\07. UI\01. TitleUI\02. TitleLogo</Filter>
    </ClCompile>
    <ClCompile Include="..\Code\CMonsterN1.cpp">
      <Filter>02. GameObject\02. Monster\Normal1</Filter>
    </ClCompile>
    <ClCompile Include="..\Code\CTitleTab.cpp">
      <Filter>02. GameObject\07. UI\01. TitleUI\03. TitleTab</Filter>
    </ClCompile>
    <ClCompile Include="..\Code\CDungeonBack.cpp">
      <Filter>02. GameObject\07. UI\02. DungeonUI\00. CDungeonBack</Filter>
    </ClCompile>
    <ClCompile Include="..\Code\CDungeonIcon.cpp">
      <Filter>02. GameObject\07. UI\02. DungeonUI\01. CDungeonIcon</Filter>
    </ClCompile>
    <ClCompile Include="..\Code\CDungeonLine.cpp">
      <Filter>02. GameObject\07. UI\02. DungeonUI\02. CDungeonLine</Filter>
    </ClCompile>
    <ClCompile Include="..\Code\CPlayerHP.cpp">
      <Filter>02. GameObject\07. UI\03. PlayerUI\00. PlayerHP</Filter>
    </ClCompile>
    <ClCompile Include="..\Code\CN1_AI.cpp">
      <Filter>02. GameObject\02. Monster\Normal1</Filter>
    </ClCompile>
    <ClCompile Include="..\Code\CMainCamera.cpp">
      <Filter>02. GameObject\04. Camera\00. MainCamera</Filter>
    </ClCompile>
    <ClCompile Include="..\Code\CKnuckleBone.cpp">
      <Filter>01. Scene\05. KnuckleBone</Filter>
    </ClCompile>
    <ClCompile Include="..\Code\CKBBack.cpp">
      <Filter>02. GameObject\07. UI\03. KBUI\00. TTutorial\00. KBBack</Filter>
    </ClCompile>
    <ClCompile Include="..\Code\CKBTutorial.cpp">
      <Filter>02. GameObject\07. UI\03. KBUI\00. TTutorial\01. KBTutorial</Filter>
    </ClCompile>
    <ClCompile Include="..\Code\CKBCenter.cpp">
      <Filter>02. GameObject\07. UI\03. KBUI\00. TTutorial\02. KBCenter</Filter>
    </ClCompile>
    <ClCompile Include="..\Code\CKBTab.cpp">
      <Filter>02. GameObject\07. UI\03. KBUI\00. TTutorial\03. KBTab</Filter>
    </ClCompile>
    <ClCompile Include="..\Code\CDivider.cpp">
      <Filter>02. GameObject\07. UI\03. KBUI\00. TTutorial\04. Divider</Filter>
    </ClCompile>
    <ClCompile Include="..\Code\CKBMask.cpp">
      <Filter>02. GameObject\07. UI\03. KBUI\99. Test</Filter>
    </ClCompile>
    <ClCompile Include="..\Code\CKBSix.cpp">
      <Filter>02. GameObject\07. UI\03. KBUI\01. Title\00. KBSix</Filter>
    </ClCompile>
  </ItemGroup>
  <ItemGroup>
    <ResourceCompile Include="Client.rc">
      <Filter>리소스 파일</Filter>
    </ResourceCompile>
  </ItemGroup>
  <ItemGroup>
    <Image Include="small.ico">
      <Filter>리소스 파일</Filter>
    </Image>
    <Image Include="Client.ico">
      <Filter>리소스 파일</Filter>
    </Image>
  </ItemGroup>
  <ItemGroup>
    <None Include="packages.config" />
  </ItemGroup>
</Project>