<?xml version="1.0" encoding="utf-8"?>
<Project ToolsVersion="4.0" xmlns="http://schemas.microsoft.com/developer/msbuild/2003">
  <ItemGroup>
    <Filter Include="소스 파일">
      <UniqueIdentifier>{4FC737F1-C7A5-4376-A066-2A32D752A2FF}</UniqueIdentifier>
      <Extensions>cpp;c;cc;cxx;c++;cppm;ixx;def;odl;idl;hpj;bat;asm;asmx</Extensions>
    </Filter>
    <Filter Include="헤더 파일">
      <UniqueIdentifier>{93995380-89BD-4b04-88EB-625FBE52EBFB}</UniqueIdentifier>
      <Extensions>h;hh;hpp;hxx;h++;hm;inl;inc;ipp;xsd</Extensions>
    </Filter>
    <Filter Include="리소스 파일">
      <UniqueIdentifier>{67DA6AB6-F800-4c08-8B7A-83BB121AAD01}</UniqueIdentifier>
      <Extensions>rc;ico;cur;bmp;dlg;rc2;rct;bin;rgs;gif;jpg;jpeg;jpe;resx;tiff;tif;png;wav;mfcribbon-ms</Extensions>
    </Filter>
    <Filter Include="00. MainApp">
      <UniqueIdentifier>{21f60bca-e0f3-45e8-a17c-6be69ba5f684}</UniqueIdentifier>
    </Filter>
    <Filter Include="09. CPersistentMgr">
      <UniqueIdentifier>{153d294d-a813-4bb7-9dee-2e2680526024}</UniqueIdentifier>
    </Filter>
    <Filter Include="01. Scene">
      <UniqueIdentifier>{60ad0de0-adf1-440e-987a-796e2ff8332f}</UniqueIdentifier>
    </Filter>
    <Filter Include="01. Scene\00. Logo">
      <UniqueIdentifier>{0d271025-e384-4299-bf6d-972bbc338575}</UniqueIdentifier>
    </Filter>
    <Filter Include="01. Scene\01. Stage">
      <UniqueIdentifier>{f40be6c5-f78e-4629-9f22-c05f63c86d1a}</UniqueIdentifier>
    </Filter>
    <Filter Include="01. Scene\99. Loading">
      <UniqueIdentifier>{162da509-93eb-497c-bb4b-016c0b3d5fae}</UniqueIdentifier>
    </Filter>
    <Filter Include="01. Scene\99. Loading\LoadingThread">
      <UniqueIdentifier>{bec13d5c-cc47-4d5b-a2eb-0fb3bafdcfdd}</UniqueIdentifier>
    </Filter>
    <Filter Include="01. Scene\03. Test">
      <UniqueIdentifier>{7bf09d6b-5222-4361-bb6b-3e27ea739fa2}</UniqueIdentifier>
    </Filter>
    <Filter Include="01. Scene\04. EditScene">
      <UniqueIdentifier>{ff5bb01d-db75-499d-ae0b-be1f8fb58ee7}</UniqueIdentifier>
    </Filter>
    <Filter Include="01. Scene\05. KnuckleBone">
      <UniqueIdentifier>{fbdfd1c6-2a58-45e4-970b-5fac37bacfcb}</UniqueIdentifier>
    </Filter>
    <Filter Include="10. TileMgr">
      <UniqueIdentifier>{01b64606-77a6-499b-92aa-0bad3eff8f84}</UniqueIdentifier>
    </Filter>
    <Filter Include="02. GameObject">
      <UniqueIdentifier>{51b52b49-f21d-4d34-bf24-26f7774a4f3b}</UniqueIdentifier>
    </Filter>
    <Filter Include="02. GameObject\00. BackGround">
      <UniqueIdentifier>{07693c01-70a4-4d6a-9bd8-fe0002596e8d}</UniqueIdentifier>
    </Filter>
    <Filter Include="02. GameObject\01. Player">
      <UniqueIdentifier>{ae4c5383-56a8-4b14-85a9-74fedfb3ccfe}</UniqueIdentifier>
    </Filter>
    <Filter Include="02. GameObject\03. Terrain">
      <UniqueIdentifier>{8d635b76-59e8-4b1b-94c9-608c92cd7cb1}</UniqueIdentifier>
    </Filter>
    <Filter Include="02. GameObject\05. SkyBox">
      <UniqueIdentifier>{71bfc506-8050-40b0-98aa-429602465e7d}</UniqueIdentifier>
    </Filter>
    <Filter Include="02. GameObject\06. TerrainWall">
      <UniqueIdentifier>{52de0396-bdc9-4e24-8949-59503af9d2c0}</UniqueIdentifier>
    </Filter>
    <Filter Include="02. GameObject\08. TestEffect">
      <UniqueIdentifier>{37f31870-dba2-4668-ad76-b1d69d78c68f}</UniqueIdentifier>
    </Filter>
    <Filter Include="02. GameObject\99. TestObject">
      <UniqueIdentifier>{5e8c73c1-37da-4a24-b395-d8e294c4be3f}</UniqueIdentifier>
    </Filter>
    <Filter Include="02. GameObject\07. UI">
      <UniqueIdentifier>{0320c609-d491-42cf-96f0-e94adb951d41}</UniqueIdentifier>
    </Filter>
    <Filter Include="02. GameObject\07. UI\00. LoadingUI">
      <UniqueIdentifier>{b8ae79d9-84c6-485b-8fa1-5ca2361e4338}</UniqueIdentifier>
    </Filter>
    <Filter Include="02. GameObject\07. UI\00. LoadingUI\04. LoadingCircle">
      <UniqueIdentifier>{9506c82b-1421-464c-8228-53ab398c8982}</UniqueIdentifier>
    </Filter>
    <Filter Include="02. GameObject\07. UI\00. LoadingUI\03. LoadingLogo">
      <UniqueIdentifier>{afe12694-f308-4f3b-9d71-5360441de4ae}</UniqueIdentifier>
    </Filter>
    <Filter Include="02. GameObject\07. UI\00. LoadingUI\02. LoadingFG">
      <UniqueIdentifier>{9689bbf7-b8dc-485d-be1d-1acab77d1648}</UniqueIdentifier>
    </Filter>
    <Filter Include="02. GameObject\07. UI\00. LoadingUI\01. LoadingCenter">
      <UniqueIdentifier>{23ec9675-0f43-486e-92bb-df0d8c3fc775}</UniqueIdentifier>
    </Filter>
    <Filter Include="02. GameObject\07. UI\00. LoadingUI\00. LoadingBack">
      <UniqueIdentifier>{ae049520-ab2e-4676-bf1c-57c1cb41b6f4}</UniqueIdentifier>
    </Filter>
    <Filter Include="02. GameObject\07. UI\01. TitleUI">
      <UniqueIdentifier>{fc414d98-3728-4c2b-bfd0-aa6254c074e5}</UniqueIdentifier>
    </Filter>
    <Filter Include="02. GameObject\07. UI\01. TitleUI\00. TitleBack">
      <UniqueIdentifier>{e5978b17-8776-40d2-9c8c-804973b11aed}</UniqueIdentifier>
    </Filter>
    <Filter Include="02. GameObject\07. UI\01. TitleUI\01. TitleCenter">
      <UniqueIdentifier>{51e4fa44-a242-44f9-b6b2-e62ea6a61be6}</UniqueIdentifier>
    </Filter>
    <Filter Include="02. GameObject\07. UI\01. TitleUI\02. TitleLogo">
      <UniqueIdentifier>{f3297bde-6a24-42a0-a777-4049f60b9657}</UniqueIdentifier>
    </Filter>
    <Filter Include="02. GameObject\07. UI\01. TitleUI\03. TitleTab">
      <UniqueIdentifier>{75b337c8-aa30-4290-b563-aae3a9aa3104}</UniqueIdentifier>
    </Filter>
    <Filter Include="02. GameObject\07. UI\02. DungeonUI">
      <UniqueIdentifier>{11dcb0cf-3b50-42e4-90b1-bf3b6bd70d12}</UniqueIdentifier>
    </Filter>
    <Filter Include="02. GameObject\07. UI\02. DungeonUI\00. CDungeonBack">
      <UniqueIdentifier>{aa425ee9-42d6-4763-acea-a480d488b6b2}</UniqueIdentifier>
    </Filter>
    <Filter Include="02. GameObject\07. UI\02. DungeonUI\01. CDungeonIcon">
      <UniqueIdentifier>{b11eb489-f0f9-4354-a5e5-9d489d9845de}</UniqueIdentifier>
    </Filter>
    <Filter Include="02. GameObject\07. UI\02. DungeonUI\02. CDungeonLine">
      <UniqueIdentifier>{552d0d28-eb92-4a43-b910-1de82ce2300c}</UniqueIdentifier>
    </Filter>
    <Filter Include="02. GameObject\04. Camera">
      <UniqueIdentifier>{238f4029-df65-4760-af60-aac3d4766c58}</UniqueIdentifier>
    </Filter>
    <Filter Include="02. GameObject\04. Camera\01. DynamicCamera">
      <UniqueIdentifier>{90a409f8-1b96-4329-9023-b52d183d047c}</UniqueIdentifier>
    </Filter>
    <Filter Include="02. GameObject\04. Camera\00. MainCamera">
      <UniqueIdentifier>{034c96cf-6932-41a4-9e6e-cbbb742ea410}</UniqueIdentifier>
    </Filter>
    <Filter Include="02. GameObject\09. Item">
      <UniqueIdentifier>{5daaea79-d1ec-46ae-a481-80a46217e916}</UniqueIdentifier>
    </Filter>
    <Filter Include="01. Scene">
      <UniqueIdentifier>{60ad0de0-adf1-440e-987a-796e2ff8332f}</UniqueIdentifier>
    </Filter>
    <Filter Include="01. Scene\00. Logo">
      <UniqueIdentifier>{0d271025-e384-4299-bf6d-972bbc338575}</UniqueIdentifier>
    </Filter>
    <Filter Include="01. Scene\01. Stage">
      <UniqueIdentifier>{f40be6c5-f78e-4629-9f22-c05f63c86d1a}</UniqueIdentifier>
    </Filter>
    <Filter Include="01. Scene\99. Loading">
      <UniqueIdentifier>{162da509-93eb-497c-bb4b-016c0b3d5fae}</UniqueIdentifier>
    </Filter>
    <Filter Include="01. Scene\99. Loading\LoadingThread">
      <UniqueIdentifier>{bec13d5c-cc47-4d5b-a2eb-0fb3bafdcfdd}</UniqueIdentifier>
    </Filter>
    <Filter Include="01. Scene\03. Test">
      <UniqueIdentifier>{7bf09d6b-5222-4361-bb6b-3e27ea739fa2}</UniqueIdentifier>
    </Filter>
    <Filter Include="01. Scene\04. EditScene">
      <UniqueIdentifier>{ff5bb01d-db75-499d-ae0b-be1f8fb58ee7}</UniqueIdentifier>
    </Filter>
    <Filter Include="01. Scene\05. KnuckleBone">
      <UniqueIdentifier>{fbdfd1c6-2a58-45e4-970b-5fac37bacfcb}</UniqueIdentifier>
    </Filter>
    <Filter Include="02. GameObject\07. UI\03. KBUI">
      <UniqueIdentifier>{41fa98cd-1415-4315-904c-4273008d3aab}</UniqueIdentifier>
    </Filter>
    <Filter Include="02. GameObject\07. UI\03. KBUI\00. TTutorial">
      <UniqueIdentifier>{9d64cac5-b54a-4657-bd1d-c039bc1b870c}</UniqueIdentifier>
    </Filter>
    <Filter Include="02. GameObject\07. UI\03. KBUI\00. TTutorial\04. Divider">
      <UniqueIdentifier>{2712e418-d62f-4210-b14d-d87d009f78c8}</UniqueIdentifier>
    </Filter>
    <Filter Include="02. GameObject\07. UI\03. KBUI\00. TTutorial\03. KBTab">
      <UniqueIdentifier>{c6f0bb55-24bf-4d79-8de3-9005fb22da19}</UniqueIdentifier>
    </Filter>
    <Filter Include="02. GameObject\07. UI\03. KBUI\00. TTutorial\02. KBCenter">
      <UniqueIdentifier>{dcbd4b36-95fd-4b35-a3e3-1a71de4cbdd6}</UniqueIdentifier>
    </Filter>
    <Filter Include="02. GameObject\07. UI\03. KBUI\00. TTutorial\01. KBTutorial">
      <UniqueIdentifier>{271f78e8-fe0b-44e2-b16b-b8f98cddafb9}</UniqueIdentifier>
    </Filter>
    <Filter Include="02. GameObject\07. UI\03. KBUI\00. TTutorial\00. KBBack">
      <UniqueIdentifier>{361ac797-f26e-4d74-843b-11dc7fd5c6c5}</UniqueIdentifier>
    </Filter>
    <Filter Include="02. GameObject\07. UI\03. KBUI\99. Test">
      <UniqueIdentifier>{c05846a8-0aa5-450d-bd73-73898a6a4ab8}</UniqueIdentifier>
    </Filter>
    <Filter Include="02. GameObject\07. UI\03. KBUI\01. Title">
      <UniqueIdentifier>{57dcc651-c292-431c-8109-8e0dcbaf4cf7}</UniqueIdentifier>
    </Filter>
    <Filter Include="02. GameObject\07. UI\03. KBUI\01. Title\00. KBSix">
      <UniqueIdentifier>{240585be-6895-460e-aa92-90c1e3b29e91}</UniqueIdentifier>
    </Filter>
    <Filter Include="02. GameObject\07. UI\03. KBUI\02. Main">
      <UniqueIdentifier>{68d8a63d-3ca8-4ea2-9066-5cc0c2551589}</UniqueIdentifier>
    </Filter>
    <Filter Include="02. GameObject\07. UI\03. KBUI\02. Main\00. Dice">
      <UniqueIdentifier>{da8a9377-1ab7-4a0c-9da0-9537c6a0790e}</UniqueIdentifier>
    </Filter>
    <Filter Include="02. GameObject\07. UI\03. KBUI\02. Main\01. Board">
      <UniqueIdentifier>{af97486c-18ef-4f9c-962b-970463bcc69b}</UniqueIdentifier>
    </Filter>
    <Filter Include="02. GameObject\07. UI\03. KBUI\02. Main\01. Board\BoardSlot">
      <UniqueIdentifier>{048de530-4f9a-466c-baea-13e2ae66c7e5}</UniqueIdentifier>
    </Filter>
    <Filter Include="02. GameObject\07. UI\03. KBUI\02. Main\01. Board\BoardBack">
      <UniqueIdentifier>{2a194916-5ec0-48cd-924d-1df392cff05f}</UniqueIdentifier>
    </Filter>
    <Filter Include="02. GameObject\07. UI\03. KBUI\02. Main\01. Board\DiceBox">
      <UniqueIdentifier>{38dd812d-ccbf-4dbf-b3a4-5232669d9e66}</UniqueIdentifier>
    </Filter>
    <Filter Include="02. GameObject\02. Monster">
      <UniqueIdentifier>{38405f32-dfc2-465f-b792-d975bcf71c8f}</UniqueIdentifier>
    </Filter>
    <Filter Include="02. GameObject\02. Monster\Normal1">
      <UniqueIdentifier>{a8173e77-340e-468f-9aa7-00e8cd1ad765}</UniqueIdentifier>
    </Filter>
    <Filter Include="02. GameObject\02. Monster\Normal2">
      <UniqueIdentifier>{7afa2db1-0b9b-45dd-add7-b4436ab26da5}</UniqueIdentifier>
    </Filter>
    <Filter Include="02. GameObject\02. Monster\Normal3">
      <UniqueIdentifier>{c750db87-30b0-461e-be3c-7188c009816e}</UniqueIdentifier>
    </Filter>
    <Filter Include="02. GameObject\02. Monster\Boss1">
      <UniqueIdentifier>{4835642c-34bd-4f07-9943-87d66889933e}</UniqueIdentifier>
    </Filter>
    <Filter Include="02. GameObject\02. Monster\Boss2">
      <UniqueIdentifier>{a2bf76f1-004d-4e27-ad5f-a12e80a7f38a}</UniqueIdentifier>
    </Filter>
    <Filter Include="02. GameObject\04. Camera">
      <UniqueIdentifier>{238f4029-df65-4760-af60-aac3d4766c58}</UniqueIdentifier>
    </Filter>
    <Filter Include="02. GameObject\04. Camera\01. DynamicCamera">
      <UniqueIdentifier>{90a409f8-1b96-4329-9023-b52d183d047c}</UniqueIdentifier>
    </Filter>
    <Filter Include="02. GameObject\04. Camera\00. MainCamera">
      <UniqueIdentifier>{034c96cf-6932-41a4-9e6e-cbbb742ea410}</UniqueIdentifier>
    </Filter>
    <Filter Include="02. GameObject\09. Item">
      <UniqueIdentifier>{5daaea79-d1ec-46ae-a481-80a46217e916}</UniqueIdentifier>
    </Filter>
    <Filter Include="02. GameObject\10. Tile">
      <UniqueIdentifier>{fd9114e4-ed18-4e95-93eb-47e4ebc69072}</UniqueIdentifier>
    </Filter>
    <Filter Include="02. GameObject\12. MapObject">
      <UniqueIdentifier>{c73a576f-744b-4160-90e9-ca0038f8a214}</UniqueIdentifier>
    </Filter>
    <Filter Include="02. GameObject\11. Grass">
      <UniqueIdentifier>{20638477-cadd-4aa2-94a1-d3b5098d0639}</UniqueIdentifier>
    </Filter>
    <Filter Include="10. TileMgr">
      <UniqueIdentifier>{01b64606-77a6-499b-92aa-0bad3eff8f84}</UniqueIdentifier>
    </Filter>
    <Filter Include="02. GameObject\07. UI\04. PlayerUI">
      <UniqueIdentifier>{42822674-7f0e-422b-9af0-ec007c6f798a}</UniqueIdentifier>
    </Filter>
    <Filter Include="02. GameObject\07. UI\04. PlayerUI\00. PlayerHP">
      <UniqueIdentifier>{0725e0bd-c9d2-46c7-8aaf-d8ffc0b97dd6}</UniqueIdentifier>
    </Filter>
    <Filter Include="02. GameObject\07. UI\04. PlayerUI\01. Gauge">
      <UniqueIdentifier>{bada316d-27a9-450a-866e-8bc3c74f2522}</UniqueIdentifier>
    </Filter>
    <Filter Include="02. GameObject\07. UI\04. PlayerUI\01. Gauge\00. GaugeCover">
      <UniqueIdentifier>{812bddef-ebb1-450e-9cde-ef4e253c6b61}</UniqueIdentifier>
    </Filter>
    <Filter Include="02. GameObject\07. UI\04. PlayerUI\01. Gauge\01. GaugeStar">
      <UniqueIdentifier>{a2a264ef-377e-4861-8139-196a341538e4}</UniqueIdentifier>
    </Filter>
    <Filter Include="02. GameObject\07. UI\04. PlayerUI\01. Gauge\02. PassionGauge">
      <UniqueIdentifier>{48ce0224-a9df-40fb-a6b5-ede6b4574d14}</UniqueIdentifier>
    </Filter>
    <Filter Include="02. GameObject\07. UI\04. PlayerUI\01. Gauge\03. PassionIcon">
      <UniqueIdentifier>{62a60c43-a0a5-441d-912f-2f4c64dd1ffc}</UniqueIdentifier>
    </Filter>
    <Filter Include="02. GameObject\07. UI\05.CookingUI">
      <UniqueIdentifier>{dc3b3542-a529-4553-af20-e3c386005aa2}</UniqueIdentifier>
    </Filter>
    <Filter Include="02. GameObject\07. UI\05.CookingUI\00.CookingMiniGame">
      <UniqueIdentifier>{bdd3b457-cda3-4b83-aa25-943358fc34e1}</UniqueIdentifier>
    </Filter>
    <Filter Include="02. GameObject\07. UI\05.CookingUI\00.CookingMiniGame\00.CookingCover">
      <UniqueIdentifier>{8f39f952-09fc-4655-87cf-ac7602837bb1}</UniqueIdentifier>
    </Filter>
    <Filter Include="02. GameObject\07. UI\05.CookingUI\00.CookingMiniGame\01.CookingGauge">
      <UniqueIdentifier>{0c60bd9c-2465-4d37-b129-6d27f1e4b73d}</UniqueIdentifier>
    </Filter>
    <Filter Include="02. GameObject\07. UI\05.CookingUI\00.CookingMiniGame\02.CookingGaugeBack">
      <UniqueIdentifier>{106c8aeb-b75c-4a73-8a1b-2e61f93e5250}</UniqueIdentifier>
    </Filter>
    <Filter Include="02. GameObject\07. UI\05.CookingUI\00.CookingMiniGame\03.CookingMarker">
      <UniqueIdentifier>{29e7e3da-c400-4e75-8c1c-24ea4d55657e}</UniqueIdentifier>
    </Filter>
    <Filter Include="02. GameObject\07. UI\05.CookingUI\00.CookingMiniGame\04.CookingTarget">
      <UniqueIdentifier>{ad038098-eb51-4061-8b8b-064d8d2175ad}</UniqueIdentifier>
    </Filter>
    <Filter Include="02. GameObject\07. UI\05.CookingUI\01.CookingSelect">
      <UniqueIdentifier>{d729c590-a48c-4319-8ad4-8280b2a9ad08}</UniqueIdentifier>
    </Filter>
    <Filter Include="02. GameObject\07. UI\05.CookingUI\01.CookingSelect\00.CookingSeletBack">
      <UniqueIdentifier>{62ce806b-dfa2-4946-b1ee-7ca7bffe45a0}</UniqueIdentifier>
    </Filter>
    <Filter Include="02. GameObject\07. UI\05.CookingUI\01.CookingSelect\01.CookngSeleltSlot">
      <UniqueIdentifier>{0401f4e0-a651-47eb-97d4-9bf21426e873}</UniqueIdentifier>
    </Filter>
    <Filter Include="02. GameObject\07. UI\05.CookingUI\01.CookingSelect\02.CookingStartBtn">
      <UniqueIdentifier>{e3629f52-2d39-4408-a2f3-98be8820e465}</UniqueIdentifier>
    </Filter>
    <Filter Include="02. GameObject\07. UI\05.CookingUI\00.CookingMiniGame\05.CookingTargetBack">
      <UniqueIdentifier>{1fc325c0-fe06-4401-ad06-1bd47a20fa3f}</UniqueIdentifier>
    </Filter>
    <Filter Include="02. GameObject\07. UI\05.CookingUI\00.CookingMiniGame\06.CookButton">
      <UniqueIdentifier>{c757017b-26da-4fc1-996e-f271ea0fd99d}</UniqueIdentifier>
    </Filter>
    <Filter Include="02. GameObject\07. UI\05.CookingUI\01.CookingSelect\03.CCookingTargetFood">
      <UniqueIdentifier>{7787fd15-4d48-4306-afe7-b928f0d70081}</UniqueIdentifier>
    </Filter>
    <Filter Include="02. GameObject\07. UI\05.CookingUI\01.CookingSelect\04.CookingInfoCard">
      <UniqueIdentifier>{d1384f25-b03d-4930-8ba8-f5f8447768e4}</UniqueIdentifier>
    </Filter>
    <Filter Include="02. GameObject\07. UI\05.CookingUI\01.CookingSelect\04.CookingInfoCard\00.CookingInfoCardBack">
      <UniqueIdentifier>{900390a2-06be-4711-9e5b-047f100f1b53}</UniqueIdentifier>
    </Filter>
    <Filter Include="02. GameObject\07. UI\05.CookingUI\01.CookingSelect\04.CookingInfoCard\01.CookingInfoCardFaith">
      <UniqueIdentifier>{604ebf45-8879-4a9c-96f3-8e4ea11619ce}</UniqueIdentifier>
    </Filter>
    <Filter Include="02. GameObject\07. UI\05.CookingUI\01.CookingSelect\04.CookingInfoCard\04.CookingInfoRecipe">
      <UniqueIdentifier>{5a48922d-7be3-44a7-855e-ebfe34f5061a}</UniqueIdentifier>
    </Filter>
    <Filter Include="02. GameObject\07. UI\05.CookingUI\01.CookingSelect\04.CookingInfoCard\05.CookingInfoCardFood">
      <UniqueIdentifier>{d7269bea-6073-4466-a4e8-a33b406cff9f}</UniqueIdentifier>
    </Filter>
    <Filter Include="02. GameObject\07. UI\05.CookingUI\01.CookingSelect\04.CookingInfoCard\02.CookingInfoCardLeftPattern">
      <UniqueIdentifier>{dd3ecf39-6733-4b6e-90d9-86ad1c598c58}</UniqueIdentifier>
    </Filter>
    <Filter Include="02. GameObject\07. UI\05.CookingUI\01.CookingSelect\04.CookingInfoCard\03.CookingInfoCardRightParrtern">
      <UniqueIdentifier>{5c0001aa-5425-458c-8a62-547a50b57e53}</UniqueIdentifier>
    </Filter>
  </ItemGroup>
  <ItemGroup>
    <ClInclude Include="framework.h">
      <Filter>헤더 파일</Filter>
    </ClInclude>
    <ClInclude Include="targetver.h">
      <Filter>헤더 파일</Filter>
    </ClInclude>
    <ClInclude Include="Resource.h">
      <Filter>헤더 파일</Filter>
    </ClInclude>
    <ClInclude Include="Client.h">
      <Filter>헤더 파일</Filter>
    </ClInclude>
    <ClInclude Include="pch.h">
      <Filter>헤더 파일</Filter>
    </ClInclude>
    <ClInclude Include="..\Header\CMainApp.h">
      <Filter>00. MainApp</Filter>
    </ClInclude>
    <ClInclude Include="..\Header\CLogo.h">
      <Filter>01. Scene\00. Logo</Filter>
    </ClInclude>
    <ClInclude Include="..\Header\CBackGround.h">
      <Filter>02. GameObject\00. BackGround</Filter>
    </ClInclude>
    <ClInclude Include="..\Header\CPlayer.h">
      <Filter>02. GameObject\01. Player</Filter>
    </ClInclude>
    <ClInclude Include="..\Header\CMonster.h">
      <Filter>02. GameObject\02. Monster</Filter>
    </ClInclude>
    <ClInclude Include="..\Header\CStage.h">
      <Filter>01. Scene\01. Stage</Filter>
    </ClInclude>
    <ClInclude Include="..\Header\CTerrain.h">
      <Filter>02. GameObject\03. Terrain</Filter>
    </ClInclude>
    <ClInclude Include="..\Header\CDynamicCamera.h">
      <Filter>02. GameObject\04. Camera\01. DynamicCamera</Filter>
    </ClInclude>
    <ClInclude Include="..\Header\CSkyBox.h">
      <Filter>02. GameObject\05. SkyBox</Filter>
    </ClInclude>
    <ClInclude Include="..\Header\CTest.h">
      <Filter>01. Scene\03. Test</Filter>
    </ClInclude>
    <ClInclude Include="..\Header\CTerrainWall.h">
      <Filter>02. GameObject\06. TerrainWall</Filter>
    </ClInclude>
    <ClInclude Include="..\Header\CTestEffect.h">
      <Filter>02. GameObject\08. TestEffect</Filter>
    </ClInclude>
    <ClInclude Include="..\Header\TestCube.h">
      <Filter>02. GameObject\99. TestObject</Filter>
    </ClInclude>
    <ClInclude Include="..\Header\CEditScene.h">
      <Filter>01. Scene\04. EditScene</Filter>
    </ClInclude>
    <ClInclude Include="..\Header\CLoadingThread.h">
      <Filter>01. Scene\99. Loading\LoadingThread</Filter>
    </ClInclude>
    <ClInclude Include="..\Header\CLoading.h">
      <Filter>01. Scene\99. Loading</Filter>
    </ClInclude>
    <ClInclude Include="..\Header\CPersistentMgr.h">
      <Filter>09. CPersistentMgr</Filter>
    </ClInclude>
    <ClInclude Include="..\Header\CLoadingBack.h">
      <Filter>02. GameObject\07. UI\00. LoadingUI\00. LoadingBack</Filter>
    </ClInclude>
    <ClInclude Include="..\Header\CLoadingCenter.h">
      <Filter>02. GameObject\07. UI\00. LoadingUI\01. LoadingCenter</Filter>
    </ClInclude>
    <ClInclude Include="..\Header\CLoadingFG.h">
      <Filter>02. GameObject\07. UI\00. LoadingUI\02. LoadingFG</Filter>
    </ClInclude>
    <ClInclude Include="..\Header\CLoadingLogo.h">
      <Filter>02. GameObject\07. UI\00. LoadingUI\03. LoadingLogo</Filter>
    </ClInclude>
    <ClInclude Include="..\Header\CLoadingCircle.h">
      <Filter>02. GameObject\07. UI\00. LoadingUI\04. LoadingCircle</Filter>
    </ClInclude>
    <ClInclude Include="..\Header\CTitleBack.h">
      <Filter>02. GameObject\07. UI\01. TitleUI\00. TitleBack</Filter>
    </ClInclude>
    <ClInclude Include="..\Header\CTitleCenter.h">
      <Filter>02. GameObject\07. UI\01. TitleUI\01. TitleCenter</Filter>
    </ClInclude>
    <ClInclude Include="..\Header\CTitleLogo.h">
      <Filter>02. GameObject\07. UI\01. TitleUI\02. TitleLogo</Filter>
    </ClInclude>
    <ClInclude Include="..\Header\CMonsterN1.h">
      <Filter>02. GameObject\02. Monster\Normal1</Filter>
    </ClInclude>
    <ClInclude Include="..\Header\CTitleTab.h">
      <Filter>02. GameObject\07. UI\01. TitleUI\03. TitleTab</Filter>
    </ClInclude>
    <ClInclude Include="..\Header\CDungeonBack.h">
      <Filter>02. GameObject\07. UI\02. DungeonUI\00. CDungeonBack</Filter>
    </ClInclude>
    <ClInclude Include="..\Header\CDungeonIcon.h">
      <Filter>02. GameObject\07. UI\02. DungeonUI\01. CDungeonIcon</Filter>
    </ClInclude>
    <ClInclude Include="..\Header\CDungeonLine.h">
      <Filter>02. GameObject\07. UI\02. DungeonUI\02. CDungeonLine</Filter>
    </ClInclude>
    <ClInclude Include="..\Header\CPlayerHP.h">
      <Filter>02. GameObject\07. UI\04. PlayerUI\00. PlayerHP</Filter>
    </ClInclude>
    <ClInclude Include="..\Header\CN1_AI.h">
      <Filter>02. GameObject\02. Monster\Normal1</Filter>
    </ClInclude>
    <ClInclude Include="..\Header\CMainCamera.h">
      <Filter>02. GameObject\04. Camera\00. MainCamera</Filter>
    </ClInclude>
    <ClInclude Include="..\Header\CItem.h">
      <Filter>02. GameObject\09. Item</Filter>
    </ClInclude>
    <ClInclude Include="..\Header\CKnuckleBone.h">
      <Filter>01. Scene\05. KnuckleBone</Filter>
    </ClInclude>
    <ClInclude Include="..\Header\CKBBack.h">
      <Filter>02. GameObject\07. UI\03. KBUI\00. TTutorial\00. KBBack</Filter>
    </ClInclude>
    <ClInclude Include="..\Header\CKBTutorial.h">
      <Filter>02. GameObject\07. UI\03. KBUI\00. TTutorial\01. KBTutorial</Filter>
    </ClInclude>
    <ClInclude Include="..\Header\CKBCenter.h">
      <Filter>02. GameObject\07. UI\03. KBUI\00. TTutorial\02. KBCenter</Filter>
    </ClInclude>
    <ClInclude Include="..\Header\CKBTab.h">
      <Filter>02. GameObject\07. UI\03. KBUI\00. TTutorial\03. KBTab</Filter>
    </ClInclude>
    <ClInclude Include="..\Header\CDivider.h">
      <Filter>02. GameObject\07. UI\03. KBUI\00. TTutorial\04. Divider</Filter>
    </ClInclude>
    <ClInclude Include="..\Header\CKBMask.h">
      <Filter>02. GameObject\07. UI\03. KBUI\99. Test</Filter>
    </ClInclude>
    <ClInclude Include="..\Header\CKBSix.h">
      <Filter>02. GameObject\07. UI\03. KBUI\01. Title\00. KBSix</Filter>
    </ClInclude>
    <ClInclude Include="..\Header\CKBDice.h">
      <Filter>02. GameObject\07. UI\03. KBUI\02. Main\00. Dice</Filter>
    </ClInclude>
    <ClInclude Include="..\Header\CKBBoardSlot.h">
      <Filter>02. GameObject\07. UI\03. KBUI\02. Main\01. Board\BoardSlot</Filter>
    </ClInclude>
    <ClInclude Include="..\Header\CKBBoardBack.h">
      <Filter>02. GameObject\07. UI\03. KBUI\02. Main\01. Board\BoardBack</Filter>
    </ClInclude>
    <ClInclude Include="..\Header\CKBDiceBox.h">
      <Filter>02. GameObject\07. UI\03. KBUI\02. Main\01. Board\DiceBox</Filter>
    </ClInclude>
    <ClInclude Include="..\Header\CKBBack2.h">
      <Filter>02. GameObject\07. UI\03. KBUI\00. TTutorial</Filter>
    </ClInclude>
    <ClInclude Include="..\Header\CKBSix.h">
      <Filter>02. GameObject\07. UI\03. KBUI\01. Title\00. KBSix</Filter>
    </ClInclude>
    <ClInclude Include="..\Header\CKBDice.h">
      <Filter>02. GameObject\07. UI\03. KBUI\02. Main\00. Dice</Filter>
    </ClInclude>
    <ClInclude Include="..\Header\CKBBoardSlot.h">
      <Filter>02. GameObject\07. UI\03. KBUI\02. Main\01. Board\BoardSlot</Filter>
    </ClInclude>
    <ClInclude Include="..\Header\CKBBoardBack.h">
      <Filter>02. GameObject\07. UI\03. KBUI\02. Main\01. Board\BoardBack</Filter>
    </ClInclude>
    <ClInclude Include="..\Header\CKBDiceBox.h">
      <Filter>02. GameObject\07. UI\03. KBUI\02. Main\01. Board\DiceBox</Filter>
    </ClInclude>
    <ClInclude Include="..\Header\CKBBack2.h">
      <Filter>02. GameObject\07. UI\03. KBUI\00. TTutorial</Filter>
    </ClInclude>
    <ClInclude Include="..\Header\CKBSix.h">
      <Filter>02. GameObject\07. UI\03. KBUI\01. Title\00. KBSix</Filter>
    </ClInclude>
    <ClInclude Include="..\Header\CKBDice.h">
      <Filter>02. GameObject\07. UI\03. KBUI\02. Main\00. Dice</Filter>
    </ClInclude>
    <ClInclude Include="..\Header\CKBBoardSlot.h">
      <Filter>02. GameObject\07. UI\03. KBUI\02. Main\01. Board\BoardSlot</Filter>
    </ClInclude>
    <ClInclude Include="..\Header\CKBBoardBack.h">
      <Filter>02. GameObject\07. UI\03. KBUI\02. Main\01. Board\BoardBack</Filter>
    </ClInclude>
    <ClInclude Include="..\Header\CKBDiceBox.h">
      <Filter>02. GameObject\07. UI\03. KBUI\02. Main\01. Board\DiceBox</Filter>
    </ClInclude>
    <ClInclude Include="..\Header\CKBBack2.h">
      <Filter>02. GameObject\07. UI\03. KBUI\00. TTutorial</Filter>
    </ClInclude>
    <ClInclude Include="..\Header\CB1_AI.h">
      <Filter>02. GameObject\02. Monster\Boss1</Filter>
    </ClInclude>
    <ClInclude Include="..\Header\CMonsterB1.h">
      <Filter>02. GameObject\02. Monster\Boss1</Filter>
    </ClInclude>
    <ClInclude Include="..\Header\CB2_AI.h">
      <Filter>02. GameObject\02. Monster\Boss2</Filter>
    </ClInclude>
    <ClInclude Include="..\Header\CMonsterB2.h">
      <Filter>02. GameObject\02. Monster\Boss2</Filter>
    </ClInclude>
    <ClInclude Include="..\Header\CMonsterN2.h">
      <Filter>02. GameObject\02. Monster\Normal2</Filter>
    </ClInclude>
    <ClInclude Include="..\Header\CN2_AI.h">
      <Filter>02. GameObject\02. Monster\Normal2</Filter>
    </ClInclude>
    <ClInclude Include="..\Header\CN3_AI.h">
      <Filter>02. GameObject\02. Monster\Normal3</Filter>
    </ClInclude>
    <ClInclude Include="..\Header\CMonsterN3.h">
      <Filter>02. GameObject\02. Monster\Normal3</Filter>
    </ClInclude>
    <ClInclude Include="..\Header\CNode.h">
      <Filter>02. GameObject\02. Monster</Filter>
    </ClInclude>
    <ClInclude Include="..\Header\CActiveItem.h">
      <Filter>02. GameObject\09. Item</Filter>
    </ClInclude>
    <ClInclude Include="..\Header\CPassiveItem.h">
      <Filter>02. GameObject\09. Item</Filter>
    </ClInclude>
    <ClInclude Include="..\Header\SaveLoad.h">
      <Filter>헤더 파일</Filter>
    </ClInclude>
    <ClInclude Include="..\Header\CTile.h">
      <Filter>02. GameObject\10. Tile</Filter>
    </ClInclude>
    <ClInclude Include="..\Header\CGrass.h">
      <Filter>02. GameObject\11. Grass</Filter>
    </ClInclude>
    <ClInclude Include="..\Header\CMapObject.h">
      <Filter>02. GameObject\12. MapObject</Filter>
    </ClInclude>
    <ClInclude Include="..\Header\CTileMgr.h">
      <Filter>10. TileMgr</Filter>
    </ClInclude>
    <ClInclude Include="..\Header\CMySkyBox.h">
      <Filter>02. GameObject\05. SkyBox</Filter>
    </ClInclude>
    <ClInclude Include="..\Header\CGaugeCover.h">
      <Filter>02. GameObject\07. UI\04. PlayerUI\01. Gauge\00. GaugeCover</Filter>
    </ClInclude>
    <ClInclude Include="..\Header\PlayerUI.h">
      <Filter>02. GameObject\07. UI\04. PlayerUI</Filter>
    </ClInclude>
    <ClInclude Include="..\Header\CGaugeStar.h">
      <Filter>02. GameObject\07. UI\04. PlayerUI\01. Gauge\01. GaugeStar</Filter>
    </ClInclude>
    <ClInclude Include="..\Header\CPassionGauge.h">
      <Filter>02. GameObject\07. UI\04. PlayerUI\01. Gauge\02. PassionGauge</Filter>
    </ClInclude>
    <ClInclude Include="..\Header\CPassionIcon.h">
      <Filter>02. GameObject\07. UI\04. PlayerUI\01. Gauge\03. PassionIcon</Filter>
    </ClInclude>
    <ClInclude Include="..\Header\CGauge.h">
      <Filter>02. GameObject\07. UI\04. PlayerUI\01. Gauge</Filter>
    </ClInclude>
    <ClInclude Include="..\Header\Gage_Enum.h">
      <Filter>02. GameObject\07. UI\04. PlayerUI\01. Gauge</Filter>
    </ClInclude>
    <ClInclude Include="..\Header\CCookingGauge.h">
      <Filter>02. GameObject\07. UI\05.CookingUI\00.CookingMiniGame\01.CookingGauge</Filter>
    </ClInclude>
    <ClInclude Include="..\Header\CCookingCover.h">
      <Filter>02. GameObject\07. UI\05.CookingUI\00.CookingMiniGame\00.CookingCover</Filter>
    </ClInclude>
    <ClInclude Include="..\Header\CCookingGaugeBack.h">
      <Filter>02. GameObject\07. UI\05.CookingUI\00.CookingMiniGame\02.CookingGaugeBack</Filter>
    </ClInclude>
    <ClInclude Include="..\Code\CCookingTarget.h">
      <Filter>02. GameObject\07. UI\05.CookingUI\00.CookingMiniGame\04.CookingTarget</Filter>
    </ClInclude>
    <ClInclude Include="..\Header\CCookingTargetBack.h">
      <Filter>02. GameObject\07. UI\05.CookingUI\00.CookingMiniGame\05.CookingTargetBack</Filter>
    </ClInclude>
    <ClInclude Include="..\Header\CCookingButton.h">
      <Filter>02. GameObject\07. UI\05.CookingUI\00.CookingMiniGame\06.CookButton</Filter>
    </ClInclude>
    <ClInclude Include="..\Header\CCookingMiniGameUI.h">
      <Filter>02. GameObject\07. UI\05.CookingUI\00.CookingMiniGame</Filter>
    </ClInclude>
    <ClInclude Include="..\Header\CCookingMarker.h">
      <Filter>02. GameObject\07. UI\05.CookingUI\00.CookingMiniGame\03.CookingMarker</Filter>
    </ClInclude>
    <ClInclude Include="..\Header\CCookingSelectBack.h">
      <Filter>02. GameObject\07. UI\05.CookingUI\01.CookingSelect\00.CookingSeletBack</Filter>
    </ClInclude>
    <ClInclude Include="..\Header\CCookingSelectSlot.h">
      <Filter>02. GameObject\07. UI\05.CookingUI\01.CookingSelect\01.CookngSeleltSlot</Filter>
    </ClInclude>
    <ClInclude Include="..\Header\CCookingSelectUI.h">
      <Filter>02. GameObject\07. UI\05.CookingUI\01.CookingSelect</Filter>
    </ClInclude>
    <ClInclude Include="..\Header\CCookingInfoCardBack.h">
      <Filter>02. GameObject\07. UI\05.CookingUI\01.CookingSelect\04.CookingInfoCard\00.CookingInfoCardBack</Filter>
    </ClInclude>
    <ClInclude Include="..\Header\CCookingTargetFood.h">
      <Filter>02. GameObject\07. UI\05.CookingUI\01.CookingSelect\03.CCookingTargetFood</Filter>
    </ClInclude>
    <ClInclude Include="..\Header\CCookingInfoCard.h">
      <Filter>02. GameObject\07. UI\05.CookingUI\01.CookingSelect\04.CookingInfoCard</Filter>
    </ClInclude>
    <ClInclude Include="..\Header\CCookingInfoCardLeftPattern.h">
      <Filter>02. GameObject\07. UI\05.CookingUI\01.CookingSelect\04.CookingInfoCard\02.CookingInfoCardLeftPattern</Filter>
    </ClInclude>
    <ClInclude Include="..\Header\CCookingInfoCardFood.h">
      <Filter>02. GameObject\07. UI\05.CookingUI\01.CookingSelect\04.CookingInfoCard\05.CookingInfoCardFood</Filter>
    </ClInclude>
    <ClInclude Include="..\Header\CCookingInfoCardRightPattern.h">
      <Filter>02. GameObject\07. UI\05.CookingUI\01.CookingSelect\04.CookingInfoCard\03.CookingInfoCardRightParrtern</Filter>
    </ClInclude>
  </ItemGroup>
  <ItemGroup>
    <ClCompile Include="Client.cpp">
      <Filter>소스 파일</Filter>
    </ClCompile>
    <ClCompile Include="pch.cpp">
      <Filter>소스 파일</Filter>
    </ClCompile>
    <ClCompile Include="..\Code\CMainApp.cpp">
      <Filter>00. MainApp</Filter>
    </ClCompile>
    <ClCompile Include="..\Code\CLogo.cpp">
      <Filter>01. Scene\00. Logo</Filter>
    </ClCompile>
    <ClCompile Include="..\Code\CBackGround.cpp">
      <Filter>02. GameObject\00. BackGround</Filter>
    </ClCompile>
    <ClCompile Include="..\Code\CPlayer.cpp">
      <Filter>02. GameObject\01. Player</Filter>
    </ClCompile>
    <ClCompile Include="..\Code\CMonster.cpp">
      <Filter>02. GameObject\02. Monster</Filter>
    </ClCompile>
    <ClCompile Include="..\Code\CStage.cpp">
      <Filter>01. Scene\01. Stage</Filter>
    </ClCompile>
    <ClCompile Include="..\Code\CTerrain.cpp">
      <Filter>02. GameObject\03. Terrain</Filter>
    </ClCompile>
    <ClCompile Include="..\Code\CDynamicCamera.cpp">
      <Filter>02. GameObject\04. Camera\01. DynamicCamera</Filter>
    </ClCompile>
    <ClCompile Include="..\Code\CSkyBox.cpp">
      <Filter>02. GameObject\05. SkyBox</Filter>
    </ClCompile>
    <ClCompile Include="..\Code\CTest.cpp">
      <Filter>01. Scene\03. Test</Filter>
    </ClCompile>
    <ClCompile Include="..\Code\CTerrainWall.cpp">
      <Filter>02. GameObject\06. TerrainWall</Filter>
    </ClCompile>
    <ClCompile Include="..\Code\CTestEffect.cpp">
      <Filter>02. GameObject\08. TestEffect</Filter>
    </ClCompile>
    <ClCompile Include="..\Code\TestCube.cpp">
      <Filter>02. GameObject\99. TestObject</Filter>
    </ClCompile>
    <ClCompile Include="..\Code\CEditScene.cpp">
      <Filter>01. Scene\04. EditScene</Filter>
    </ClCompile>
    <ClCompile Include="..\Code\CLoadingThread.cpp">
      <Filter>01. Scene\99. Loading\LoadingThread</Filter>
    </ClCompile>
    <ClCompile Include="..\Code\CLoading.cpp">
      <Filter>01. Scene\99. Loading</Filter>
    </ClCompile>
    <ClCompile Include="..\Code\CPersistentMgr.cpp">
      <Filter>09. CPersistentMgr</Filter>
    </ClCompile>
    <ClCompile Include="..\Code\CLoadingBack.cpp">
      <Filter>02. GameObject\07. UI\00. LoadingUI\00. LoadingBack</Filter>
    </ClCompile>
    <ClCompile Include="..\Code\CLoadingCenter.cpp">
      <Filter>02. GameObject\07. UI\00. LoadingUI\01. LoadingCenter</Filter>
    </ClCompile>
    <ClCompile Include="..\Code\CLoadingFG.cpp">
      <Filter>02. GameObject\07. UI\00. LoadingUI\02. LoadingFG</Filter>
    </ClCompile>
    <ClCompile Include="..\Code\CLoadingLogo.cpp">
      <Filter>02. GameObject\07. UI\00. LoadingUI\03. LoadingLogo</Filter>
    </ClCompile>
    <ClCompile Include="..\Code\CLoadingCircle.cpp">
      <Filter>02. GameObject\07. UI\00. LoadingUI\04. LoadingCircle</Filter>
    </ClCompile>
    <ClCompile Include="..\Code\CTitleBack.cpp">
      <Filter>02. GameObject\07. UI\01. TitleUI\00. TitleBack</Filter>
    </ClCompile>
    <ClCompile Include="..\Code\CTitleCenter.cpp">
      <Filter>02. GameObject\07. UI\01. TitleUI\01. TitleCenter</Filter>
    </ClCompile>
    <ClCompile Include="..\Code\CTitleLogo.cpp">
      <Filter>02. GameObject\07. UI\01. TitleUI\02. TitleLogo</Filter>
    </ClCompile>
    <ClCompile Include="..\Code\CMonsterN1.cpp">
      <Filter>02. GameObject\02. Monster\Normal1</Filter>
    </ClCompile>
    <ClCompile Include="..\Code\CTitleTab.cpp">
      <Filter>02. GameObject\07. UI\01. TitleUI\03. TitleTab</Filter>
    </ClCompile>
    <ClCompile Include="..\Code\CDungeonBack.cpp">
      <Filter>02. GameObject\07. UI\02. DungeonUI\00. CDungeonBack</Filter>
    </ClCompile>
    <ClCompile Include="..\Code\CDungeonIcon.cpp">
      <Filter>02. GameObject\07. UI\02. DungeonUI\01. CDungeonIcon</Filter>
    </ClCompile>
    <ClCompile Include="..\Code\CDungeonLine.cpp">
      <Filter>02. GameObject\07. UI\02. DungeonUI\02. CDungeonLine</Filter>
    </ClCompile>
    <ClCompile Include="..\Code\CPlayerHP.cpp">
      <Filter>02. GameObject\07. UI\04. PlayerUI\00. PlayerHP</Filter>
    </ClCompile>
    <ClCompile Include="..\Code\CN1_AI.cpp">
      <Filter>02. GameObject\02. Monster\Normal1</Filter>
    </ClCompile>
    <ClCompile Include="..\Code\CMainCamera.cpp">
      <Filter>02. GameObject\04. Camera\00. MainCamera</Filter>
    </ClCompile>
    <ClCompile Include="..\Code\CItem.cpp">
      <Filter>02. GameObject\09. Item</Filter>
    </ClCompile>
    <ClCompile Include="..\Code\CKnuckleBone.cpp">
      <Filter>01. Scene\05. KnuckleBone</Filter>
    </ClCompile>
    <ClCompile Include="..\Code\CKBBack.cpp">
      <Filter>02. GameObject\07. UI\03. KBUI\00. TTutorial\00. KBBack</Filter>
    </ClCompile>
    <ClCompile Include="..\Code\CKBTutorial.cpp">
      <Filter>02. GameObject\07. UI\03. KBUI\00. TTutorial\01. KBTutorial</Filter>
    </ClCompile>
    <ClCompile Include="..\Code\CKBCenter.cpp">
      <Filter>02. GameObject\07. UI\03. KBUI\00. TTutorial\02. KBCenter</Filter>
    </ClCompile>
    <ClCompile Include="..\Code\CKBTab.cpp">
      <Filter>02. GameObject\07. UI\03. KBUI\00. TTutorial\03. KBTab</Filter>
    </ClCompile>
    <ClCompile Include="..\Code\CDivider.cpp">
      <Filter>02. GameObject\07. UI\03. KBUI\00. TTutorial\04. Divider</Filter>
    </ClCompile>
    <ClCompile Include="..\Code\CKBMask.cpp">
      <Filter>02. GameObject\07. UI\03. KBUI\99. Test</Filter>
    </ClCompile>
    <ClCompile Include="..\Code\CKBSix.cpp">
      <Filter>02. GameObject\07. UI\03. KBUI\01. Title\00. KBSix</Filter>
    </ClCompile>
    <ClCompile Include="..\Code\CKBDice.cpp">
      <Filter>02. GameObject\07. UI\03. KBUI\02. Main\00. Dice</Filter>
    </ClCompile>
    <ClCompile Include="..\Code\CKBBoardSlot.cpp">
      <Filter>02. GameObject\07. UI\03. KBUI\02. Main\01. Board\BoardSlot</Filter>
    </ClCompile>
    <ClCompile Include="..\Code\CKBBoardBack.cpp">
      <Filter>02. GameObject\07. UI\03. KBUI\02. Main\01. Board\BoardBack</Filter>
    </ClCompile>
    <ClCompile Include="..\Code\CKBDiceBox.cpp">
      <Filter>02. GameObject\07. UI\03. KBUI\02. Main\01. Board\DiceBox</Filter>
    </ClCompile>
    <ClCompile Include="..\Code\CKBBack2.cpp">
      <Filter>02. GameObject\07. UI\03. KBUI\00. TTutorial</Filter>
    </ClCompile>
    <ClCompile Include="..\Code\CKBSix.cpp">
      <Filter>02. GameObject\07. UI\03. KBUI\01. Title\00. KBSix</Filter>
    </ClCompile>
    <ClCompile Include="..\Code\CKBDice.cpp">
      <Filter>02. GameObject\07. UI\03. KBUI\02. Main\00. Dice</Filter>
    </ClCompile>
    <ClCompile Include="..\Code\CKBBoardSlot.cpp">
      <Filter>02. GameObject\07. UI\03. KBUI\02. Main\01. Board\BoardSlot</Filter>
    </ClCompile>
    <ClCompile Include="..\Code\CKBBoardBack.cpp">
      <Filter>02. GameObject\07. UI\03. KBUI\02. Main\01. Board\BoardBack</Filter>
    </ClCompile>
    <ClCompile Include="..\Code\CKBDiceBox.cpp">
      <Filter>02. GameObject\07. UI\03. KBUI\02. Main\01. Board\DiceBox</Filter>
    </ClCompile>
    <ClCompile Include="..\Code\CKBBack2.cpp">
      <Filter>02. GameObject\07. UI\03. KBUI\00. TTutorial</Filter>
    </ClCompile>
    <ClCompile Include="..\Code\CKBSix.cpp">
      <Filter>02. GameObject\07. UI\03. KBUI\01. Title\00. KBSix</Filter>
    </ClCompile>
    <ClCompile Include="..\Code\CKBDice.cpp">
      <Filter>02. GameObject\07. UI\03. KBUI\02. Main\00. Dice</Filter>
    </ClCompile>
    <ClCompile Include="..\Code\CKBBoardSlot.cpp">
      <Filter>02. GameObject\07. UI\03. KBUI\02. Main\01. Board\BoardSlot</Filter>
    </ClCompile>
    <ClCompile Include="..\Code\CKBBoardBack.cpp">
      <Filter>02. GameObject\07. UI\03. KBUI\02. Main\01. Board\BoardBack</Filter>
    </ClCompile>
    <ClCompile Include="..\Code\CKBDiceBox.cpp">
      <Filter>02. GameObject\07. UI\03. KBUI\02. Main\01. Board\DiceBox</Filter>
    </ClCompile>
    <ClCompile Include="..\Code\CKBBack2.cpp">
      <Filter>02. GameObject\07. UI\03. KBUI\00. TTutorial</Filter>
    </ClCompile>
    <ClCompile Include="..\Code\CMonsterB1.cpp">
      <Filter>02. GameObject\02. Monster\Boss1</Filter>
    </ClCompile>
    <ClCompile Include="..\Code\CB1_AI.cpp">
      <Filter>02. GameObject\02. Monster\Boss1</Filter>
    </ClCompile>
    <ClCompile Include="..\Code\CMonsterB2.cpp">
      <Filter>02. GameObject\02. Monster\Boss2</Filter>
    </ClCompile>
    <ClCompile Include="..\Code\CB2_AI.cpp">
      <Filter>02. GameObject\02. Monster\Boss2</Filter>
    </ClCompile>
    <ClCompile Include="..\Code\CMonsterN2.cpp">
      <Filter>02. GameObject\02. Monster\Normal2</Filter>
    </ClCompile>
    <ClCompile Include="..\Code\CN2_AI.cpp">
      <Filter>02. GameObject\02. Monster\Normal2</Filter>
    </ClCompile>
    <ClCompile Include="..\Code\CN3_AI.cpp">
      <Filter>02. GameObject\02. Monster\Normal3</Filter>
    </ClCompile>
    <ClCompile Include="..\Code\CMonsterN3.cpp">
      <Filter>02. GameObject\02. Monster\Normal3</Filter>
    </ClCompile>
    <ClCompile Include="..\Code\CNode.cpp">
      <Filter>02. GameObject\02. Monster</Filter>
    </ClCompile>
    <ClCompile Include="..\Code\CActiveItem.cpp">
      <Filter>02. GameObject\09. Item</Filter>
    </ClCompile>
    <ClCompile Include="..\Code\CPassiveItem.cpp">
      <Filter>02. GameObject\09. Item</Filter>
    </ClCompile>
    <ClCompile Include="..\Code\CGrass.cpp">
      <Filter>02. GameObject\11. Grass</Filter>
    </ClCompile>
    <ClCompile Include="..\Code\CMapObject.cpp">
      <Filter>02. GameObject\12. MapObject</Filter>
    </ClCompile>
    <ClCompile Include="..\Code\CTileMgr.cpp">
      <Filter>10. TileMgr</Filter>
    </ClCompile>
    <ClCompile Include="..\Code\CTile.cpp">
      <Filter>02. GameObject\10. Tile</Filter>
    </ClCompile>
    <ClCompile Include="..\Code\CMySkyBox.cpp">
      <Filter>02. GameObject\05. SkyBox</Filter>
    </ClCompile>
    <ClCompile Include="..\Code\CGaugeCover.cpp">
      <Filter>02. GameObject\07. UI\04. PlayerUI\01. Gauge\00. GaugeCover</Filter>
    </ClCompile>
    <ClCompile Include="..\Code\CGaugeStar.cpp">
      <Filter>02. GameObject\07. UI\04. PlayerUI\01. Gauge\01. GaugeStar</Filter>
    </ClCompile>
    <ClCompile Include="..\Code\CPassionGauge.cpp">
      <Filter>02. GameObject\07. UI\04. PlayerUI\01. Gauge\02. PassionGauge</Filter>
    </ClCompile>
    <ClCompile Include="..\Code\CPassionIcon.cpp">
      <Filter>02. GameObject\07. UI\04. PlayerUI\01. Gauge\03. PassionIcon</Filter>
    </ClCompile>
    <ClCompile Include="..\Code\CGauge.cpp">
      <Filter>02. GameObject\07. UI\04. PlayerUI\01. Gauge</Filter>
    </ClCompile>
    <ClCompile Include="..\Code\CCookingGauge.cpp">
      <Filter>02. GameObject\07. UI\05.CookingUI\00.CookingMiniGame\01.CookingGauge</Filter>
    </ClCompile>
    <ClCompile Include="..\Code\CCookingCover.cpp">
      <Filter>02. GameObject\07. UI\05.CookingUI\00.CookingMiniGame\00.CookingCover</Filter>
    </ClCompile>
    <ClCompile Include="..\Code\CCookingGaugeBack.cpp">
      <Filter>02. GameObject\07. UI\05.CookingUI\00.CookingMiniGame\02.CookingGaugeBack</Filter>
    </ClCompile>
    <ClCompile Include="..\Code\CCookingTarget.cpp">
      <Filter>02. GameObject\07. UI\05.CookingUI\00.CookingMiniGame\04.CookingTarget</Filter>
    </ClCompile>
    <ClCompile Include="..\Code\CCookingTargetBack.cpp">
      <Filter>02. GameObject\07. UI\05.CookingUI\00.CookingMiniGame\05.CookingTargetBack</Filter>
    </ClCompile>
    <ClCompile Include="..\Code\CCookingButton.cpp">
      <Filter>02. GameObject\07. UI\05.CookingUI\00.CookingMiniGame\06.CookButton</Filter>
    </ClCompile>
    <ClCompile Include="..\Code\CCookingMiniGameUI.cpp">
      <Filter>02. GameObject\07. UI\05.CookingUI\00.CookingMiniGame</Filter>
    </ClCompile>
    <ClCompile Include="..\Code\CCookingMarker.cpp">
      <Filter>02. GameObject\07. UI\05.CookingUI\00.CookingMiniGame\03.CookingMarker</Filter>
    </ClCompile>
    <ClCompile Include="..\Code\CCookingSelectBack.cpp">
      <Filter>02. GameObject\07. UI\05.CookingUI\01.CookingSelect\00.CookingSeletBack</Filter>
    </ClCompile>
    <ClCompile Include="..\Code\CCookingSelectSlot.cpp">
      <Filter>02. GameObject\07. UI\05.CookingUI\01.CookingSelect\01.CookngSeleltSlot</Filter>
    </ClCompile>
    <ClCompile Include="..\Code\CCookingSelectUI.cpp">
      <Filter>02. GameObject\07. UI\05.CookingUI\01.CookingSelect</Filter>
    </ClCompile>
    <ClCompile Include="..\Code\CCookingInfoCardBack.cpp">
      <Filter>02. GameObject\07. UI\05.CookingUI\01.CookingSelect\04.CookingInfoCard\00.CookingInfoCardBack</Filter>
    </ClCompile>
    <ClCompile Include="..\Code\CCookingTargetFood.cpp">
      <Filter>02. GameObject\07. UI\05.CookingUI\01.CookingSelect\03.CCookingTargetFood</Filter>
    </ClCompile>
    <ClCompile Include="..\Code\CCookingInfoCard.cpp">
      <Filter>02. GameObject\07. UI\05.CookingUI\01.CookingSelect\04.CookingInfoCard</Filter>
    </ClCompile>
    <ClCompile Include="..\Header\CCookingInfoCardLeftPattern.cpp">
      <Filter>02. GameObject\07. UI\05.CookingUI\01.CookingSelect\04.CookingInfoCard\02.CookingInfoCardLeftPattern</Filter>
    </ClCompile>
    <ClCompile Include="..\Code\CCookingInfoCardFood.cpp">
      <Filter>02. GameObject\07. UI\05.CookingUI\01.CookingSelect\04.CookingInfoCard\05.CookingInfoCardFood</Filter>
    </ClCompile>
    <ClCompile Include="..\Code\CCookingInfoCardRIghtPattern.cpp">
      <Filter>02. GameObject\07. UI\05.CookingUI\01.CookingSelect\04.CookingInfoCard\03.CookingInfoCardRightParrtern</Filter>
    </ClCompile>
  </ItemGroup>
  <ItemGroup>
    <ResourceCompile Include="Client.rc">
      <Filter>리소스 파일</Filter>
    </ResourceCompile>
  </ItemGroup>
  <ItemGroup>
    <Image Include="small.ico">
      <Filter>리소스 파일</Filter>
    </Image>
    <Image Include="Client.ico">
      <Filter>리소스 파일</Filter>
    </Image>
  </ItemGroup>
  <ItemGroup>
    <None Include="packages.config" />
  </ItemGroup>
</Project>